
Microsoft Visual Studio Solution File, Format Version 12.00
# Visual Studio Version 17
VisualStudioVersion = 17.10.34928.147
MinimumVisualStudioVersion = 10.0.40219.1
Project("{FAE04EC0-301F-11D3-BF4B-00C04F79EFBC}") = "Assignment7.1.1 Sorting Exam Scores with Selection Sort", "Assignment7.1.1 Sorting Exam Scores with Selection Sort.csproj", "{5A38090D-5060-4176-8C7C-C31E691703C9}"
EndProject
Global
	GlobalSection(SolutionConfigurationPlatforms) = preSolution
		Debug|Any CPU = Debug|Any CPU
		Release|Any CPU = Release|Any CPU
	EndGlobalSection
	GlobalSection(ProjectConfigurationPlatforms) = postSolution
		{5A38090D-5060-4176-8C7C-C31E691703C9}.Debug|Any CPU.ActiveCfg = Debug|Any CPU
		{5A38090D-5060-4176-8C7C-C31E691703C9}.Debug|Any CPU.Build.0 = Debug|Any CPU
		{5A38090D-5060-4176-8C7C-C31E691703C9}.Release|Any CPU.ActiveCfg = Release|Any CPU
		{5A38090D-5060-4176-8C7C-C31E691703C9}.Release|Any CPU.Build.0 = Release|Any CPU
	EndGlobalSection
	GlobalSection(SolutionProperties) = preSolution
		HideSolutionNode = FALSE
	EndGlobalSection
	GlobalSection(ExtensibilityGlobals) = postSolution
		SolutionGuid = {8DF82B78-9643-46CD-AA1E-1FD1D5A6F250}
	EndGlobalSection
EndGlobal
